
Microsoft Visual Studio Solution File, Format Version 12.00
# Visual Studio 15
VisualStudioVersion = 15.0.27130.2027
MinimumVisualStudioVersion = 10.0.40219.1
Project("{9A19103F-16F7-4668-BE54-9A1E7A4F7556}") = "FirstCoreMVC", "FirstCoreMVC\FirstCoreMVC.csproj", "{91B01C3E-C69B-45E5-800F-22403C7F51AA}"
EndProject
Project("{9A19103F-16F7-4668-BE54-9A1E7A4F7556}") = "Chen.Data", "Chen.Data\Chen.Data.csproj", "{01AC498C-4426-4542-9E4F-C21345C51B00}"
EndProject
Project("{9A19103F-16F7-4668-BE54-9A1E7A4F7556}") = "Chen.Migrations", "Chen.Migrations\Chen.Migrations.csproj", "{149DC6F6-B5B3-4373-AD8E-B85F977B954D}"
EndProject
Project("{9A19103F-16F7-4668-BE54-9A1E7A4F7556}") = "Chen.Model", "Chen.Model\Chen.Model.csproj", "{2B0F0E37-18F6-4EAE-8697-1A8A4922EB07}"
EndProject
Project("{FAE04EC0-301F-11D3-BF4B-00C04F79EFBC}") = "Chen.Tool", "Chen.Tool\Chen.Tool.csproj", "{8FA02E36-40B1-481F-A5ED-6A72AEC42394}"
EndProject
Global
	GlobalSection(SolutionConfigurationPlatforms) = preSolution
		Debug|Any CPU = Debug|Any CPU
		Release|Any CPU = Release|Any CPU
	EndGlobalSection
	GlobalSection(ProjectConfigurationPlatforms) = postSolution
		{91B01C3E-C69B-45E5-800F-22403C7F51AA}.Debug|Any CPU.ActiveCfg = Debug|Any CPU
		{91B01C3E-C69B-45E5-800F-22403C7F51AA}.Debug|Any CPU.Build.0 = Debug|Any CPU
		{91B01C3E-C69B-45E5-800F-22403C7F51AA}.Release|Any CPU.ActiveCfg = Release|Any CPU
		{91B01C3E-C69B-45E5-800F-22403C7F51AA}.Release|Any CPU.Build.0 = Release|Any CPU
		{01AC498C-4426-4542-9E4F-C21345C51B00}.Debug|Any CPU.ActiveCfg = Debug|Any CPU
		{01AC498C-4426-4542-9E4F-C21345C51B00}.Debug|Any CPU.Build.0 = Debug|Any CPU
		{01AC498C-4426-4542-9E4F-C21345C51B00}.Release|Any CPU.ActiveCfg = Release|Any CPU
		{01AC498C-4426-4542-9E4F-C21345C51B00}.Release|Any CPU.Build.0 = Release|Any CPU
		{149DC6F6-B5B3-4373-AD8E-B85F977B954D}.Debug|Any CPU.ActiveCfg = Debug|Any CPU
		{149DC6F6-B5B3-4373-AD8E-B85F977B954D}.Debug|Any CPU.Build.0 = Debug|Any CPU
		{149DC6F6-B5B3-4373-AD8E-B85F977B954D}.Release|Any CPU.ActiveCfg = Release|Any CPU
		{149DC6F6-B5B3-4373-AD8E-B85F977B954D}.Release|Any CPU.Build.0 = Release|Any CPU
		{2B0F0E37-18F6-4EAE-8697-1A8A4922EB07}.Debug|Any CPU.ActiveCfg = Debug|Any CPU
		{2B0F0E37-18F6-4EAE-8697-1A8A4922EB07}.Debug|Any CPU.Build.0 = Debug|Any CPU
		{2B0F0E37-18F6-4EAE-8697-1A8A4922EB07}.Release|Any CPU.ActiveCfg = Release|Any CPU
		{2B0F0E37-18F6-4EAE-8697-1A8A4922EB07}.Release|Any CPU.Build.0 = Release|Any CPU
		{8FA02E36-40B1-481F-A5ED-6A72AEC42394}.Debug|Any CPU.ActiveCfg = Debug|Any CPU
		{8FA02E36-40B1-481F-A5ED-6A72AEC42394}.Debug|Any CPU.Build.0 = Debug|Any CPU
		{8FA02E36-40B1-481F-A5ED-6A72AEC42394}.Release|Any CPU.ActiveCfg = Release|Any CPU
		{8FA02E36-40B1-481F-A5ED-6A72AEC42394}.Release|Any CPU.Build.0 = Release|Any CPU
	EndGlobalSection
	GlobalSection(SolutionProperties) = preSolution
		HideSolutionNode = FALSE
	EndGlobalSection
	GlobalSection(ExtensibilityGlobals) = postSolution
		SolutionGuid = {582CE3B8-3289-4A2E-8BF2-60A14CB891D2}
	EndGlobalSection
EndGlobal
